
Microsoft Visual Studio Solution File, Format Version 12.00
# Visual Studio Version 17
VisualStudioVersion = 17.11.35222.181
MinimumVisualStudioVersion = 10.0.40219.1
Project("{9A19103F-16F7-4668-BE54-9A1E7A4F7556}") = "Assignment_RazorWeb", "Assignment_RazorWeb\Assignment_RazorWeb.csproj", "{32599FAE-E2D2-4811-BED7-FFC6D3B1CF28}"
EndProject
Project("{9A19103F-16F7-4668-BE54-9A1E7A4F7556}") = "Assignment_DAO", "Assignment_DAO\Assignment_DAO.csproj", "{32F33979-3737-4C47-AA01-794B3BD69326}"
EndProject
Project("{9A19103F-16F7-4668-BE54-9A1E7A4F7556}") = "Assignment_BusinessObjects", "Assignment_BusinessObjects\Assignment_BusinessObjects.csproj", "{C7EDA04C-369F-455F-945D-19255B19512E}"
EndProject
Project("{9A19103F-16F7-4668-BE54-9A1E7A4F7556}") = "Assignment_Repositories", "Assignment_Repositories\Assignment_Repositories.csproj", "{056C7AB7-8385-4693-A810-6E08B1B97BE8}"
EndProject
Project("{9A19103F-16F7-4668-BE54-9A1E7A4F7556}") = "Assignment_Services", "Assignment_Services\Assignment_Services.csproj", "{DCC1F34D-D136-4AEC-84AE-FFFBC1249890}"
EndProject
Global
	GlobalSection(SolutionConfigurationPlatforms) = preSolution
		Debug|Any CPU = Debug|Any CPU
		Release|Any CPU = Release|Any CPU
	EndGlobalSection
	GlobalSection(ProjectConfigurationPlatforms) = postSolution
		{32599FAE-E2D2-4811-BED7-FFC6D3B1CF28}.Debug|Any CPU.ActiveCfg = Debug|Any CPU
		{32599FAE-E2D2-4811-BED7-FFC6D3B1CF28}.Debug|Any CPU.Build.0 = Debug|Any CPU
		{32599FAE-E2D2-4811-BED7-FFC6D3B1CF28}.Release|Any CPU.ActiveCfg = Release|Any CPU
		{32599FAE-E2D2-4811-BED7-FFC6D3B1CF28}.Release|Any CPU.Build.0 = Release|Any CPU
		{32F33979-3737-4C47-AA01-794B3BD69326}.Debug|Any CPU.ActiveCfg = Debug|Any CPU
		{32F33979-3737-4C47-AA01-794B3BD69326}.Debug|Any CPU.Build.0 = Debug|Any CPU
		{32F33979-3737-4C47-AA01-794B3BD69326}.Release|Any CPU.ActiveCfg = Release|Any CPU
		{32F33979-3737-4C47-AA01-794B3BD69326}.Release|Any CPU.Build.0 = Release|Any CPU
		{C7EDA04C-369F-455F-945D-19255B19512E}.Debug|Any CPU.ActiveCfg = Debug|Any CPU
		{C7EDA04C-369F-455F-945D-19255B19512E}.Debug|Any CPU.Build.0 = Debug|Any CPU
		{C7EDA04C-369F-455F-945D-19255B19512E}.Release|Any CPU.ActiveCfg = Release|Any CPU
		{C7EDA04C-369F-455F-945D-19255B19512E}.Release|Any CPU.Build.0 = Release|Any CPU
		{056C7AB7-8385-4693-A810-6E08B1B97BE8}.Debug|Any CPU.ActiveCfg = Debug|Any CPU
		{056C7AB7-8385-4693-A810-6E08B1B97BE8}.Debug|Any CPU.Build.0 = Debug|Any CPU
		{056C7AB7-8385-4693-A810-6E08B1B97BE8}.Release|Any CPU.ActiveCfg = Release|Any CPU
		{056C7AB7-8385-4693-A810-6E08B1B97BE8}.Release|Any CPU.Build.0 = Release|Any CPU
		{DCC1F34D-D136-4AEC-84AE-FFFBC1249890}.Debug|Any CPU.ActiveCfg = Debug|Any CPU
		{DCC1F34D-D136-4AEC-84AE-FFFBC1249890}.Debug|Any CPU.Build.0 = Debug|Any CPU
		{DCC1F34D-D136-4AEC-84AE-FFFBC1249890}.Release|Any CPU.ActiveCfg = Release|Any CPU
		{DCC1F34D-D136-4AEC-84AE-FFFBC1249890}.Release|Any CPU.Build.0 = Release|Any CPU
	EndGlobalSection
	GlobalSection(SolutionProperties) = preSolution
		HideSolutionNode = FALSE
	EndGlobalSection
	GlobalSection(ExtensibilityGlobals) = postSolution
		SolutionGuid = {F3985459-AEB0-4E2D-88AE-885BB300B7BB}
	EndGlobalSection
EndGlobal
